PODS:
  - Bolts/Tasks (1.9.1)
  - GoogleMaps (4.2.0):
    - GoogleMaps/Maps (= 4.2.0)
  - GoogleMaps/Base (4.2.0)
  - GoogleMaps/Maps (4.2.0):
    - GoogleMaps/Base
  - GooglePlaces (4.2.0):
    - GoogleMaps/Base (= 4.2.0)
  - Parse (1.19.2):
    - Parse/Core (= 1.19.2)
  - Parse/Core (1.19.2):
    - Bolts/Tasks (= 1.9.1)

DEPENDENCIES:
  - GoogleMaps
  - GooglePlaces
  - Parse

SPEC REPOS:
  trunk:
    - Bolts
    - GoogleMaps
    - GooglePlaces
    - Parse

SPEC CHECKSUMS:
  Bolts: 8c1e8aab2f603387b8b9924f57d1d64f43d3ffdc
  GoogleMaps: eb03e327edfd70b06de1e6e321653f73712df7ad
  GooglePlaces: 196a9dd88580dcb3f3df46f415057703d0d2a310
  Parse: 081fb8755c3000fd11df817eec235def233d0af3

PODFILE CHECKSUM: d991d84be5f357e9a5c999b83664021ffca1f452

COCOAPODS: 1.10.1
